Microsoft Visual Studio Solution File, Format Version 12.00
# Visual Studio Version 16
VisualStudioVersion = 16.0.29201.188
MinimumVisualStudioVersion = 16.0.29201.188
Project("{2150E333-8FDC-42A3-9474-1A3956D46DE8}") = "Solution Items", "Solution Items", "{2745D9FA-8583-434A-87D8-9A8BC11F5B0B}"
	ProjectSection(SolutionItems) = preProject
		.editorconfig = .editorconfig
		appveyor.yml = appveyor.yml
		Directory.Build.props = Directory.Build.props
	EndProjectSection
EndProject
Project("{9A19103F-16F7-4668-BE54-9A1E7A4F7556}") = "GraphQL.EntityFramework", "GraphQL.EntityFramework\GraphQL.EntityFramework.csproj", "{92E64F4E-6A8E-43C2-9C8D-694E0327BEF0}"
EndProject
Project("{9A19103F-16F7-4668-BE54-9A1E7A4F7556}") = "Tests", "Tests\Tests.csproj", "{87DB4CC0-4AC3-4AC1-97FD-7C55D3B921D9}"
EndProject
Project("{9A19103F-16F7-4668-BE54-9A1E7A4F7556}") = "SampleWeb", "SampleWeb\SampleWeb.csproj", "{C9103941-AC42-4F75-B3FD-E6251DFAB1AD}"
EndProject
Project("{9A19103F-16F7-4668-BE54-9A1E7A4F7556}") = "SampleWeb.Tests", "SampleWeb.Tests\SampleWeb.Tests.csproj", "{84C32C20-79EB-4AAA-ADC8-4842DDB30C0B}"
EndProject
Project("{9A19103F-16F7-4668-BE54-9A1E7A4F7556}") = "Snippets", "Snippets\Snippets.csproj", "{C40EF84C-5FF2-4784-8CC3-8DBBBC7370C9}"
EndProject
Global
	GlobalSection(SolutionConfigurationPlatforms) = preSolution
		Debug|Any CPU = Debug|Any CPU
		Release|Any CPU = Release|Any CPU
	EndGlobalSection
	GlobalSection(ProjectConfigurationPlatforms) = postSolution
		{92E64F4E-6A8E-43C2-9C8D-694E0327BEF0}.Debug|Any CPU.ActiveCfg = Debug|Any CPU
		{92E64F4E-6A8E-43C2-9C8D-694E0327BEF0}.Debug|Any CPU.Build.0 = Debug|Any CPU
		{92E64F4E-6A8E-43C2-9C8D-694E0327BEF0}.Release|Any CPU.ActiveCfg = Release|Any CPU
		{92E64F4E-6A8E-43C2-9C8D-694E0327BEF0}.Release|Any CPU.Build.0 = Release|Any CPU
		{87DB4CC0-4AC3-4AC1-97FD-7C55D3B921D9}.Debug|Any CPU.ActiveCfg = Debug|Any CPU
		{87DB4CC0-4AC3-4AC1-97FD-7C55D3B921D9}.Debug|Any CPU.Build.0 = Debug|Any CPU
		{87DB4CC0-4AC3-4AC1-97FD-7C55D3B921D9}.Release|Any CPU.ActiveCfg = Release|Any CPU
		{87DB4CC0-4AC3-4AC1-97FD-7C55D3B921D9}.Release|Any CPU.Build.0 = Release|Any CPU
		{C9103941-AC42-4F75-B3FD-E6251DFAB1AD}.Debug|Any CPU.ActiveCfg = Debug|Any CPU
		{C9103941-AC42-4F75-B3FD-E6251DFAB1AD}.Debug|Any CPU.Build.0 = Debug|Any CPU
		{C9103941-AC42-4F75-B3FD-E6251DFAB1AD}.Release|Any CPU.ActiveCfg = Release|Any CPU
		{C9103941-AC42-4F75-B3FD-E6251DFAB1AD}.Release|Any CPU.Build.0 = Release|Any CPU
		{84C32C20-79EB-4AAA-ADC8-4842DDB30C0B}.Debug|Any CPU.ActiveCfg = Debug|Any CPU
		{84C32C20-79EB-4AAA-ADC8-4842DDB30C0B}.Debug|Any CPU.Build.0 = Debug|Any CPU
		{84C32C20-79EB-4AAA-ADC8-4842DDB30C0B}.Release|Any CPU.ActiveCfg = Release|Any CPU
		{84C32C20-79EB-4AAA-ADC8-4842DDB30C0B}.Release|Any CPU.Build.0 = Release|Any CPU
		{C40EF84C-5FF2-4784-8CC3-8DBBBC7370C9}.Debug|Any CPU.ActiveCfg = Debug|Any CPU
		{C40EF84C-5FF2-4784-8CC3-8DBBBC7370C9}.Debug|Any CPU.Build.0 = Debug|Any CPU
		{C40EF84C-5FF2-4784-8CC3-8DBBBC7370C9}.Release|Any CPU.ActiveCfg = Release|Any CPU
		{C40EF84C-5FF2-4784-8CC3-8DBBBC7370C9}.Release|Any CPU.Build.0 = Release|Any CPU
	EndGlobalSection
	GlobalSection(SolutionProperties) = preSolution
		HideSolutionNode = FALSE
	EndGlobalSection
	GlobalSection(ExtensibilityGlobals) = postSolution
		SolutionGuid = {A9DBE1FD-2601-4F67-B85B-CE26A668FA05}
	EndGlobalSection
EndGlobal
